// !$*UTF8*$!
{
	archiveVersion = 1;
	classes = {
	};
	objectVersion = 50;
	objects = {

/* Begin PBXBuildFile section */
		1552E8A726453031007986BD /* AppDelegate.swift in Sources */ = {isa = PBXBuildFile; fileRef = 1552E8A626453031007986BD /* AppDelegate.swift */; };
		1552E8A926453031007986BD /* SceneDelegate.swift in Sources */ = {isa = PBXBuildFile; fileRef = 1552E8A826453031007986BD /* SceneDelegate.swift */; };
		1552E8AB26453031007986BD /* HomeViewController.swift in Sources */ = {isa = PBXBuildFile; fileRef = 1552E8AA26453031007986BD /* HomeViewController.swift */; };
		1552E8AE26453031007986BD /* Main.storyboard in Resources */ = {isa = PBXBuildFile; fileRef = 1552E8AC26453031007986BD /* Main.storyboard */; };
		1552E8B026453036007986BD /* Assets.xcassets in Resources */ = {isa = PBXBuildFile; fileRef = 1552E8AF26453036007986BD /* Assets.xcassets */; };
		1552E8B326453036007986BD /* LaunchScreen.storyboard in Resources */ = {isa = PBXBuildFile; fileRef = 1552E8B126453036007986BD /* LaunchScreen.storyboard */; };
		1552E8BB2645349C007986BD /* ContentClient.swift in Sources */ = {isa = PBXBuildFile; fileRef = 1552E8BA2645349C007986BD /* ContentClient.swift */; };
		1552E8BD26453525007986BD /* Joke.swift in Sources */ = {isa = PBXBuildFile; fileRef = 1552E8BC26453525007986BD /* Joke.swift */; };
		1552E8C326453D81007986BD /* ImageTableViewCell.swift in Sources */ = {isa = PBXBuildFile; fileRef = 1552E8C226453D81007986BD /* ImageTableViewCell.swift */; };
		1552E8C526453DAE007986BD /* Constants.swift in Sources */ = {isa = PBXBuildFile; fileRef = 1552E8C426453DAE007986BD /* Constants.swift */; };
		1552E8C7264540D1007986BD /* ImagesTableViewModel.swift in Sources */ = {isa = PBXBuildFile; fileRef = 1552E8C6264540D1007986BD /* ImagesTableViewModel.swift */; };
		1552E8C926454D40007986BD /* JokesTableViewController.swift in Sources */ = {isa = PBXBuildFile; fileRef = 1552E8C826454D40007986BD /* JokesTableViewController.swift */; };
		1552E8CB26454E75007986BD /* JokeTableViewCell.swift in Sources */ = {isa = PBXBuildFile; fileRef = 1552E8CA26454E75007986BD /* JokeTableViewCell.swift */; };
/* End PBXBuildFile section */

/* Begin PBXFileReference section */
		1552E8A326453031007986BD /* InvoltaMockApp.app */ = {isa = PBXFileReference; explicitFileType = wrapper.application; includeInIndex = 0; path = InvoltaMockApp.app; sourceTree = BUILT_PRODUCTS_DIR; };
		1552E8A626453031007986BD /* AppDelegate.swift */ = {isa = PBXFileReference; lastKnownFileType = sourcecode.swift; path = AppDelegate.swift; sourceTree = "<group>"; };
		1552E8A826453031007986BD /* SceneDelegate.swift */ = {isa = PBXFileReference; lastKnownFileType = sourcecode.swift; path = SceneDelegate.swift; sourceTree = "<group>"; };
		1552E8AA26453031007986BD /* HomeViewController.swift */ = {isa = PBXFileReference; lastKnownFileType = sourcecode.swift; path = HomeViewController.swift; sourceTree = "<group>"; };
		1552E8AD26453031007986BD /* Base */ = {isa = PBXFileReference; lastKnownFileType = file.storyboard; name = Base; path = Base.lproj/Main.storyboard; sourceTree = "<group>"; };
		1552E8AF26453036007986BD /* Assets.xcassets */ = {isa = PBXFileReference; lastKnownFileType = folder.assetcatalog; path = Assets.xcassets; sourceTree = "<group>"; };
		1552E8B226453036007986BD /* Base */ = {isa = PBXFileReference; lastKnownFileType = file.storyboard; name = Base; path = Base.lproj/LaunchScreen.storyboard; sourceTree = "<group>"; };
		1552E8B426453036007986BD /* Info.plist */ = {isa = PBXFileReference; lastKnownFileType = text.plist.xml; path = Info.plist; sourceTree = "<group>"; };
		1552E8BA2645349C007986BD /* ContentClient.swift */ = {isa = PBXFileReference; lastKnownFileType = sourcecode.swift; path = ContentClient.swift; sourceTree = "<group>"; };
		1552E8BC26453525007986BD /* Joke.swift */ = {isa = PBXFileReference; lastKnownFileType = sourcecode.swift; path = Joke.swift; sourceTree = "<group>"; };
		1552E8BE26453595007986BD /* Content APIs.md */ = {isa = PBXFileReference; lastKnownFileType = net.daringfireball.markdown; path = "Content APIs.md"; sourceTree = "<group>"; };
		1552E8C226453D81007986BD /* ImageTableViewCell.swift */ = {isa = PBXFileReference; lastKnownFileType = sourcecode.swift; path = ImageTableViewCell.swift; sourceTree = "<group>"; };
		1552E8C426453DAE007986BD /* Constants.swift */ = {isa = PBXFileReference; lastKnownFileType = sourcecode.swift; path = Constants.swift; sourceTree = "<group>"; };
		1552E8C6264540D1007986BD /* ImagesTableViewModel.swift */ = {isa = PBXFileReference; lastKnownFileType = sourcecode.swift; path = ImagesTableViewModel.swift; sourceTree = "<group>"; };
		1552E8C826454D40007986BD /* JokesTableViewController.swift */ = {isa = PBXFileReference; lastKnownFileType = sourcecode.swift; path = JokesTableViewController.swift; sourceTree = "<group>"; };
		1552E8CA26454E75007986BD /* JokeTableViewCell.swift */ = {isa = PBXFileReference; lastKnownFileType = sourcecode.swift; path = JokeTableViewCell.swift; sourceTree = "<group>"; };
/* End PBXFileReference section */

/* Begin PBXFrameworksBuildPhase section */
		1552E8A026453031007986BD /* Frameworks */ = {
			isa = PBXFrameworksBuildPhase;
			buildActionMask = 2147483647;
			files = (
			);
			runOnlyForDeploymentPostprocessing = 0;
		};
/* End PBXFrameworksBuildPhase section */

/* Begin PBXGroup section */
		1552E89A26453031007986BD = {
			isa = PBXGroup;
			children = (
				1552E8A526453031007986BD /* InvoltaMockApp */,
				1552E8A426453031007986BD /* Products */,
			);
			sourceTree = "<group>";
		};
		1552E8A426453031007986BD /* Products */ = {
			isa = PBXGroup;
			children = (
				1552E8A326453031007986BD /* InvoltaMockApp.app */,
			);
			name = Products;
			sourceTree = "<group>";
		};
		1552E8A526453031007986BD /* InvoltaMockApp */ = {
			isa = PBXGroup;
			children = (
				1552E8A626453031007986BD /* AppDelegate.swift */,
				1552E8A826453031007986BD /* SceneDelegate.swift */,
				1552E8AC26453031007986BD /* Main.storyboard */,
				1552E8AA26453031007986BD /* HomeViewController.swift */,
				1552E8C6264540D1007986BD /* ImagesTableViewModel.swift */,
				1552E8C826454D40007986BD /* JokesTableViewController.swift */,
				1552E8BA2645349C007986BD /* ContentClient.swift */,
				1552E8BC26453525007986BD /* Joke.swift */,
				1552E8C226453D81007986BD /* ImageTableViewCell.swift */,
				1552E8CA26454E75007986BD /* JokeTableViewCell.swift */,
				1552E8C426453DAE007986BD /* Constants.swift */,
				1552E8AF26453036007986BD /* Assets.xcassets */,
				1552E8BE26453595007986BD /* Content APIs.md */,
				1552E8B126453036007986BD /* LaunchScreen.storyboard */,
				1552E8B426453036007986BD /* Info.plist */,
			);
			path = InvoltaMockApp;
			sourceTree = "<group>";
		};
/* End PBXGroup section */

/* Begin PBXNativeTarget section */
		1552E8A226453031007986BD /* InvoltaMockApp */ = {
			isa = PBXNativeTarget;
			buildConfigurationList = 1552E8B726453036007986BD /* Build configuration list for PBXNativeTarget "InvoltaMockApp" */;
			buildPhases = (
				1552E89F26453031007986BD /* Sources */,
				1552E8A026453031007986BD /* Frameworks */,
				1552E8A126453031007986BD /* Resources */,
			);
			buildRules = (
			);
			dependencies = (
			);
			name = InvoltaMockApp;
			productName = InvoltaMockApp;
			productReference = 1552E8A326453031007986BD /* InvoltaMockApp.app */;
			productType = "com.apple.product-type.application";
		};
/* End PBXNativeTarget section */

/* Begin PBXProject section */
		1552E89B26453031007986BD /* Project object */ = {
			isa = PBXProject;
			attributes = {
				LastSwiftUpdateCheck = 1250;
				LastUpgradeCheck = 1250;
				TargetAttributes = {
					1552E8A226453031007986BD = {
						CreatedOnToolsVersion = 12.5;
					};
				};
			};
			buildConfigurationList = 1552E89E26453031007986BD /* Build configuration list for PBXProject "InvoltaMockApp" */;
			compatibilityVersion = "Xcode 9.3";
			developmentRegion = en;
			hasScannedForEncodings = 0;
			knownRegions = (
				en,
				Base,
			);
			mainGroup = 1552E89A26453031007986BD;
			productRefGroup = 1552E8A426453031007986BD /* Products */;
			projectDirPath = "";
			projectRoot = "";
			targets = (
				1552E8A226453031007986BD /* InvoltaMockApp */,
			);
		};
/* End PBXProject section */

/* Begin PBXResourcesBuildPhase section */
		1552E8A126453031007986BD /* Resources */ = {
			isa = PBXResourcesBuildPhase;
			buildActionMask = 2147483647;
			files = (
				1552E8B326453036007986BD /* LaunchScreen.storyboard in Resources */,
				1552E8B026453036007986BD /* Assets.xcassets in Resources */,
				1552E8AE26453031007986BD /* Main.storyboard in Resources */,
			);
			runOnlyForDeploymentPostprocessing = 0;
		};
/* End PBXResourcesBuildPhase section */

/* Begin PBXSourcesBuildPhase section */
		1552E89F26453031007986BD /* Sources */ = {
			isa = PBXSourcesBuildPhase;
			buildActionMask = 2147483647;
			files = (
				1552E8C326453D81007986BD /* ImageTableViewCell.swift in Sources */,
				1552E8BB2645349C007986BD /* ContentClient.swift in Sources */,
				1552E8C926454D40007986BD /* JokesTableViewController.swift in Sources */,
				1552E8BD26453525007986BD /* Joke.swift in Sources */,
				1552E8C7264540D1007986BD /* ImagesTableViewModel.swift in Sources */,
				1552E8AB26453031007986BD /* HomeViewController.swift in Sources */,
				1552E8CB26454E75007986BD /* JokeTableViewCell.swift in Sources */,
				1552E8A726453031007986BD /* AppDelegate.swift in Sources */,
				1552E8A926453031007986BD /* SceneDelegate.swift in Sources */,
				1552E8C526453DAE007986BD /* Constants.swift in Sources */,
			);
			runOnlyForDeploymentPostprocessing = 0;
		};
/* End PBXSourcesBuildPhase section */

/* Begin PBXVariantGroup section */
		1552E8AC26453031007986BD /* Main.storyboard */ = {
			isa = PBXVariantGroup;
			children = (
				1552E8AD26453031007986BD /* Base */,
			);
			name = Main.storyboard;
			sourceTree = "<group>";
		};
		1552E8B126453036007986BD /* LaunchScreen.storyboard */ = {
			isa = PBXVariantGroup;
			children = (
				1552E8B226453036007986BD /* Base */,
			);
			name = LaunchScreen.storyboard;
			sourceTree = "<group>";
		};
/* End PBXVariantGroup section */

/* Begin XCBuildConfiguration section */
		1552E8B526453036007986BD /* Debug */ = {
			isa = XCBuildConfiguration;
			buildSettings = {
				ALWAYS_SEARCH_USER_PATHS = NO;
				CLANG_ANALYZER_NONNULL = YES;
				CLANG_ANALYZER_NUMBER_OBJECT_CONVERSION = YES_AGGRESSIVE;
				CLANG_CXX_LANGUAGE_STANDARD = "gnu++14";
				CLANG_CXX_LIBRARY = "libc++";
				CLANG_ENABLE_MODULES = YES;
				CLANG_ENABLE_OBJC_ARC = YES;
				CLANG_ENABLE_OBJC_WEAK = YES;
				CLANG_WARN_BLOCK_CAPTURE_AUTORELEASING = YES;
				CLANG_WARN_BOOL_CONVERSION = YES;
				CLANG_WARN_COMMA = YES;
				CLANG_WARN_CONSTANT_CONVERSION = YES;
				CLANG_WARN_DEPRECATED_OBJC_IMPLEMENTATIONS = YES;
				CLANG_WARN_DIRECT_OBJC_ISA_USAGE = YES_ERROR;
				CLANG_WARN_DOCUMENTATION_COMMENTS = YES;
				CLANG_WARN_EMPTY_BODY = YES;
				CLANG_WARN_ENUM_CONVERSION = YES;
				CLANG_WARN_INFINITE_RECURSION = YES;
				CLANG_WARN_INT_CONVERSION = YES;
				CLANG_WARN_NON_LITERAL_NULL_CONVERSION = YES;
				CLANG_WARN_OBJC_IMPLICIT_RETAIN_SELF = YES;
				CLANG_WARN_OBJC_LITERAL_CONVERSION = YES;
				CLANG_WARN_OBJC_ROOT_CLASS = YES_ERROR;
				CLANG_WARN_QUOTED_INCLUDE_IN_FRAMEWORK_HEADER = YES;
				CLANG_WARN_RANGE_LOOP_ANALYSIS = YES;
				CLANG_WARN_STRICT_PROTOTYPES = YES;
				CLANG_WARN_SUSPICIOUS_MOVE = YES;
				CLANG_WARN_UNGUARDED_AVAILABILITY = YES_AGGRESSIVE;
				CLANG_WARN_UNREACHABLE_CODE = YES;
				CLANG_WARN__DUPLICATE_METHOD_MATCH = YES;
				COPY_PHASE_STRIP = NO;
				DEBUG_INFORMATION_FORMAT = dwarf;
				ENABLE_STRICT_OBJC_MSGSEND = YES;
				ENABLE_TESTABILITY = YES;
				GCC_C_LANGUAGE_STANDARD = gnu11;
				GCC_DYNAMIC_NO_PIC = NO;
				GCC_NO_COMMON_BLOCKS = YES;
				GCC_OPTIMIZATION_LEVEL = 0;
				GCC_PREPROCESSOR_DEFINITIONS = (
					"DEBUG=1",
					"$(inherited)",
				);
				GCC_WARN_64_TO_32_BIT_CONVERSION = YES;
				GCC_WARN_ABOUT_RETURN_TYPE = YES_ERROR;
				GCC_WARN_UNDECLARED_SELECTOR = YES;
				GCC_WARN_UNINITIALIZED_AUTOS = YES_AGGRESSIVE;
				GCC_WARN_UNUSED_FUNCTION = YES;
				GCC_WARN_UNUSED_VARIABLE = YES;
				IPHONEOS_DEPLOYMENT_TARGET = 14.5;
				MTL_ENABLE_DEBUG_INFO = INCLUDE_SOURCE;
				MTL_FAST_MATH = YES;
				ONLY_ACTIVE_ARCH = YES;
				SDKROOT = iphoneos;
				SWIFT_ACTIVE_COMPILATION_CONDITIONS = DEBUG;
				SWIFT_OPTIMIZATION_LEVEL = "-Onone";
			};
			name = Debug;
		};
		1552E8B626453036007986BD /* Release */ = {
			isa = XCBuildConfiguration;
			buildSettings = {
				ALWAYS_SEARCH_USER_PATHS = NO;
				CLANG_ANALYZER_NONNULL = YES;
				CLANG_ANALYZER_NUMBER_OBJECT_CONVERSION = YES_AGGRESSIVE;
				CLANG_CXX_LANGUAGE_STANDARD = "gnu++14";
				CLANG_CXX_LIBRARY = "libc++";
				CLANG_ENABLE_MODULES = YES;
				CLANG_ENABLE_OBJC_ARC = YES;
				CLANG_ENABLE_OBJC_WEAK = YES;
				CLANG_WARN_BLOCK_CAPTURE_AUTORELEASING = YES;
				CLANG_WARN_BOOL_CONVERSION = YES;
				CLANG_WARN_COMMA = YES;
				CLANG_WARN_CONSTANT_CONVERSION = YES;
				CLANG_WARN_DEPRECATED_OBJC_IMPLEMENTATIONS = YES;
				CLANG_WARN_DIRECT_OBJC_ISA_USAGE = YES_ERROR;
				CLANG_WARN_DOCUMENTATION_COMMENTS = YES;
				CLANG_WARN_EMPTY_BODY = YES;
				CLANG_WARN_ENUM_CONVERSION = YES;
				CLANG_WARN_INFINITE_RECURSION = YES;
				CLANG_WARN_INT_CONVERSION = YES;
				CLANG_WARN_NON_LITERAL_NULL_CONVERSION = YES;
				CLANG_WARN_OBJC_IMPLICIT_RETAIN_SELF = YES;
				CLANG_WARN_OBJC_LITERAL_CONVERSION = YES;
				CLANG_WARN_OBJC_ROOT_CLASS = YES_ERROR;
				CLANG_WARN_QUOTED_INCLUDE_IN_FRAMEWORK_HEADER = YES;
				CLANG_WARN_RANGE_LOOP_ANALYSIS = YES;
				CLANG_WARN_STRICT_PROTOTYPES = YES;
				CLANG_WARN_SUSPICIOUS_MOVE = YES;
				CLANG_WARN_UNGUARDED_AVAILABILITY = YES_AGGRESSIVE;
				CLANG_WARN_UNREACHABLE_CODE = YES;
				CLANG_WARN__DUPLICATE_METHOD_MATCH = YES;
				COPY_PHASE_STRIP = NO;
				DEBUG_INFORMATION_FORMAT = "dwarf-with-dsym";
				ENABLE_NS_ASSERTIONS = NO;
				ENABLE_STRICT_OBJC_MSGSEND = YES;
				GCC_C_LANGUAGE_STANDARD = gnu11;
				GCC_NO_COMMON_BLOCKS = YES;
				GCC_WARN_64_TO_32_BIT_CONVERSION = YES;
				GCC_WARN_ABOUT_RETURN_TYPE = YES_ERROR;
				GCC_WARN_UNDECLARED_SELECTOR = YES;
				GCC_WARN_UNINITIALIZED_AUTOS = YES_AGGRESSIVE;
				GCC_WARN_UNUSED_FUNCTION = YES;
				GCC_WARN_UNUSED_VARIABLE = YES;
				IPHONEOS_DEPLOYMENT_TARGET = 14.5;
				MTL_ENABLE_DEBUG_INFO = NO;
				MTL_FAST_MATH = YES;
				SDKROOT = iphoneos;
				SWIFT_COMPILATION_MODE = wholemodule;
				SWIFT_OPTIMIZATION_LEVEL = "-O";
				VALIDATE_PRODUCT = YES;
			};
			name = Release;
		};
		1552E8B826453036007986BD /* Debug */ = {
			isa = XCBuildConfiguration;
			buildSettings = {
				ASSETCATALOG_COMPILER_APPICON_NAME = AppIcon;
				ASSETCATALOG_COMPILER_GLOBAL_ACCENT_COLOR_NAME = AccentColor;
				CODE_SIGN_STYLE = Automatic;
				DEVELOPMENT_TEAM = ST2UTHBX5Z;
				INFOPLIST_FILE = InvoltaMockApp/Info.plist;
				LD_RUNPATH_SEARCH_PATHS = (
					"$(inherited)",
					"@executable_path/Frameworks",
				);
				PRODUCT_BUNDLE_IDENTIFIER = com.petros.InvoltaMockApp;
				PRODUCT_NAME = "$(TARGET_NAME)";
				SWIFT_VERSION = 5.0;
				TARGETED_DEVICE_FAMILY = "1,2";
			};
			name = Debug;
		};
		1552E8B926453036007986BD /* Release */ = {
			isa = XCBuildConfiguration;
			buildSettings = {
				ASSETCATALOG_COMPILER_APPICON_NAME = AppIcon;
				ASSETCATALOG_COMPILER_GLOBAL_ACCENT_COLOR_NAME = AccentColor;
				CODE_SIGN_STYLE = Automatic;
				DEVELOPMENT_TEAM = ST2UTHBX5Z;
				INFOPLIST_FILE = InvoltaMockApp/Info.plist;
				LD_RUNPATH_SEARCH_PATHS = (
					"$(inherited)",
					"@executable_path/Frameworks",
				);
				PRODUCT_BUNDLE_IDENTIFIER = com.petros.InvoltaMockApp;
				PRODUCT_NAME = "$(TARGET_NAME)";
				SWIFT_VERSION = 5.0;
				TARGETED_DEVICE_FAMILY = "1,2";
			};
			name = Release;
		};
/* End XCBuildConfiguration section */

/* Begin XCConfigurationList section */
		1552E89E26453031007986BD /* Build configuration list for PBXProject "InvoltaMockApp" */ = {
			isa = XCConfigurationList;
			buildConfigurations = (
				1552E8B526453036007986BD /* Debug */,
				1552E8B626453036007986BD /* Release */,
			);
			defaultConfigurationIsVisible = 0;
			defaultConfigurationName = Release;
		};
		1552E8B726453036007986BD /* Build configuration list for PBXNativeTarget "InvoltaMockApp" */ = {
			isa = XCConfigurationList;
			buildConfigurations = (
				1552E8B826453036007986BD /* Debug */,
				1552E8B926453036007986BD /* Release */,
			);
			defaultConfigurationIsVisible = 0;
			defaultConfigurationName = Release;
		};
/* End XCConfigurationList section */
	};
	rootObject = 1552E89B26453031007986BD /* Project object */;
}
